
Microsoft Visual Studio Solution File, Format Version 12.00
# Visual Studio Version 17
VisualStudioVersion = 17.7.34221.43
MinimumVisualStudioVersion = 10.0.40219.1
Project("{FAE04EC0-301F-11D3-BF4B-00C04F79EFBC}") = "wpf_winforms_4", "wpf_winforms_4\wpf_winforms_4.csproj", "{8A973C2C-1B03-4CA3-B82E-C4988E945559}"
EndProject
Global
	GlobalSection(SolutionConfigurationPlatforms) = preSolution
		Debug|Any CPU = Debug|Any CPU
		Release|Any CPU = Release|Any CPU
	EndGlobalSection
	GlobalSection(ProjectConfigurationPlatforms) = postSolution
		{8A973C2C-1B03-4CA3-B82E-C4988E945559}.Debug|Any CPU.ActiveCfg = Debug|Any CPU
		{8A973C2C-1B03-4CA3-B82E-C4988E945559}.Debug|Any CPU.Build.0 = Debug|Any CPU
		{8A973C2C-1B03-4CA3-B82E-C4988E945559}.Release|Any CPU.ActiveCfg = Release|Any CPU
		{8A973C2C-1B03-4CA3-B82E-C4988E945559}.Release|Any CPU.Build.0 = Release|Any CPU
	EndGlobalSection
	GlobalSection(SolutionProperties) = preSolution
		HideSolutionNode = FALSE
	EndGlobalSection
	GlobalSection(ExtensibilityGlobals) = postSolution
		SolutionGuid = {DA30A893-586E-4A07-978C-8A0CB908A1DD}
	EndGlobalSection
EndGlobal
